// !$*UTF8*$!
{
	archiveVersion = 1;
	classes = {
	};
	objectVersion = 50;
	objects = {

/* Begin PBXBuildFile section */
		C1B038FA22A828C40048D04D /* AppDelegate.swift in Sources */ = {isa = PBXBuildFile; fileRef = C1B038F922A828C40048D04D /* AppDelegate.swift */; };
		C1B038FC22A828C40048D04D /* ViewController.swift in Sources */ = {isa = PBXBuildFile; fileRef = C1B038FB22A828C40048D04D /* ViewController.swift */; };
		C1B038FF22A828C40048D04D /* Main.storyboard in Resources */ = {isa = PBXBuildFile; fileRef = C1B038FD22A828C40048D04D /* Main.storyboard */; };
		C1B0390122A828C50048D04D /* Assets.xcassets in Resources */ = {isa = PBXBuildFile; fileRef = C1B0390022A828C50048D04D /* Assets.xcassets */; };
		C1B0390422A828C50048D04D /* LaunchScreen.storyboard in Resources */ = {isa = PBXBuildFile; fileRef = C1B0390222A828C50048D04D /* LaunchScreen.storyboard */; };
		C1B0390C22A82F4A0048D04D /* Capital.swift in Sources */ = {isa = PBXBuildFile; fileRef = C1B0390B22A82F4A0048D04D /* Capital.swift */; };
/* End PBXBuildFile section */

/* Begin PBXFileReference section */
		C1B038F622A828C40048D04D /* 16CapitalCities.app */ = {isa = PBXFileReference; explicitFileType = wrapper.application; includeInIndex = 0; path = 16CapitalCities.app; sourceTree = BUILT_PRODUCTS_DIR; };
		C1B038F922A828C40048D04D /* AppDelegate.swift */ = {isa = PBXFileReference; lastKnownFileType = sourcecode.swift; path = AppDelegate.swift; sourceTree = "<group>"; };
		C1B038FB22A828C40048D04D /* ViewController.swift */ = {isa = PBXFileReference; lastKnownFileType = sourcecode.swift; path = ViewController.swift; sourceTree = "<group>"; };
		C1B038FE22A828C40048D04D /* Base */ = {isa = PBXFileReference; lastKnownFileType = file.storyboard; name = Base; path = Base.lproj/Main.storyboard; sourceTree = "<group>"; };
		C1B0390022A828C50048D04D /* Assets.xcassets */ = {isa = PBXFileReference; lastKnownFileType = folder.assetcatalog; path = Assets.xcassets; sourceTree = "<group>"; };
		C1B0390322A828C50048D04D /* Base */ = {isa = PBXFileReference; lastKnownFileType = file.storyboard; name = Base; path = Base.lproj/LaunchScreen.storyboard; sourceTree = "<group>"; };
		C1B0390522A828C50048D04D /* Info.plist */ = {isa = PBXFileReference; lastKnownFileType = text.plist.xml; path = Info.plist; sourceTree = "<group>"; };
		C1B0390B22A82F4A0048D04D /* Capital.swift */ = {isa = PBXFileReference; lastKnownFileType = sourcecode.swift; path = Capital.swift; sourceTree = "<group>"; };
/* End PBXFileReference section */

/* Begin PBXFrameworksBuildPhase section */
		C1B038F322A828C40048D04D /* Frameworks */ = {
			isa = PBXFrameworksBuildPhase;
			buildActionMask = 2147483647;
			files = (
			);
			runOnlyForDeploymentPostprocessing = 0;
		};
/* End PBXFrameworksBuildPhase section */

/* Begin PBXGroup section */
		C1B038ED22A828C40048D04D = {
			isa = PBXGroup;
			children = (
				C1B038F822A828C40048D04D /* 16CapitalCities */,
				C1B038F722A828C40048D04D /* Products */,
			);
			sourceTree = "<group>";
		};
		C1B038F722A828C40048D04D /* Products */ = {
			isa = PBXGroup;
			children = (
				C1B038F622A828C40048D04D /* 16CapitalCities.app */,
			);
			name = Products;
			sourceTree = "<group>";
		};
		C1B038F822A828C40048D04D /* 16CapitalCities */ = {
			isa = PBXGroup;
			children = (
				C1B038F922A828C40048D04D /* AppDelegate.swift */,
				C1B038FB22A828C40048D04D /* ViewController.swift */,
				C1B0390B22A82F4A0048D04D /* Capital.swift */,
				C1B038FD22A828C40048D04D /* Main.storyboard */,
				C1B0390022A828C50048D04D /* Assets.xcassets */,
				C1B0390222A828C50048D04D /* LaunchScreen.storyboard */,
				C1B0390522A828C50048D04D /* Info.plist */,
			);
			path = 16CapitalCities;
			sourceTree = "<group>";
		};
/* End PBXGroup section */

/* Begin PBXNativeTarget section */
		C1B038F522A828C40048D04D /* 16CapitalCities */ = {
			isa = PBXNativeTarget;
			buildConfigurationList = C1B0390822A828C50048D04D /* Build configuration list for PBXNativeTarget "16CapitalCities" */;
			buildPhases = (
				C1B038F222A828C40048D04D /* Sources */,
				C1B038F322A828C40048D04D /* Frameworks */,
				C1B038F422A828C40048D04D /* Resources */,
			);
			buildRules = (
			);
			dependencies = (
			);
			name = 16CapitalCities;
			productName = 16CapitalCities;
			productReference = C1B038F622A828C40048D04D /* 16CapitalCities.app */;
			productType = "com.apple.product-type.application";
		};
/* End PBXNativeTarget section */

/* Begin PBXProject section */
		C1B038EE22A828C40048D04D /* Project object */ = {
			isa = PBXProject;
			attributes = {
				LastSwiftUpdateCheck = 1020;
				LastUpgradeCheck = 1020;
				ORGANIZATIONNAME = Saroj;
				TargetAttributes = {
					C1B038F522A828C40048D04D = {
						CreatedOnToolsVersion = 10.2.1;
					};
				};
			};
			buildConfigurationList = C1B038F122A828C40048D04D /* Build configuration list for PBXProject "16CapitalCities" */;
			compatibilityVersion = "Xcode 9.3";
			developmentRegion = en;
			hasScannedForEncodings = 0;
			knownRegions = (
				en,
				Base,
			);
			mainGroup = C1B038ED22A828C40048D04D;
			productRefGroup = C1B038F722A828C40048D04D /* Products */;
			projectDirPath = "";
			projectRoot = "";
			targets = (
				C1B038F522A828C40048D04D /* 16CapitalCities */,
			);
		};
/* End PBXProject section */

/* Begin PBXResourcesBuildPhase section */
		C1B038F422A828C40048D04D /* Resources */ = {
			isa = PBXResourcesBuildPhase;
			buildActionMask = 2147483647;
			files = (
				C1B0390422A828C50048D04D /* LaunchScreen.storyboard in Resources */,
				C1B0390122A828C50048D04D /* Assets.xcassets in Resources */,
				C1B038FF22A828C40048D04D /* Main.storyboard in Resources */,
			);
			runOnlyForDeploymentPostprocessing = 0;
		};
/* End PBXResourcesBuildPhase section */

/* Begin PBXSourcesBuildPhase section */
		C1B038F222A828C40048D04D /* Sources */ = {
			isa = PBXSourcesBuildPhase;
			buildActionMask = 2147483647;
			files = (
				C1B038FC22A828C40048D04D /* ViewController.swift in Sources */,
				C1B038FA22A828C40048D04D /* AppDelegate.swift in Sources */,
				C1B0390C22A82F4A0048D04D /* Capital.swift in Sources */,
			);
			runOnlyForDeploymentPostprocessing = 0;
		};
/* End PBXSourcesBuildPhase section */

/* Begin PBXVariantGroup section */
		C1B038FD22A828C40048D04D /* Main.storyboard */ = {
			isa = PBXVariantGroup;
			children = (
				C1B038FE22A828C40048D04D /* Base */,
			);
			name = Main.storyboard;
			sourceTree = "<group>";
		};
		C1B0390222A828C50048D04D /* LaunchScreen.storyboard */ = {
			isa = PBXVariantGroup;
			children = (
				C1B0390322A828C50048D04D /* Base */,
			);
			name = LaunchScreen.storyboard;
			sourceTree = "<group>";
		};
/* End PBXVariantGroup section */

/* Begin XCBuildConfiguration section */
		C1B0390622A828C50048D04D /* Debug */ = {
			isa = XCBuildConfiguration;
			buildSettings = {
				ALWAYS_SEARCH_USER_PATHS = NO;
				CLANG_ANALYZER_NONNULL = YES;
				CLANG_ANALYZER_NUMBER_OBJECT_CONVERSION = YES_AGGRESSIVE;
				CLANG_CXX_LANGUAGE_STANDARD = "gnu++14";
				CLANG_CXX_LIBRARY = "libc++";
				CLANG_ENABLE_MODULES = YES;
				CLANG_ENABLE_OBJC_ARC = YES;
				CLANG_ENABLE_OBJC_WEAK = YES;
				CLANG_WARN_BLOCK_CAPTURE_AUTORELEASING = YES;
				CLANG_WARN_BOOL_CONVERSION = YES;
				CLANG_WARN_COMMA = YES;
				CLANG_WARN_CONSTANT_CONVERSION = YES;
				CLANG_WARN_DEPRECATED_OBJC_IMPLEMENTATIONS = YES;
				CLANG_WARN_DIRECT_OBJC_ISA_USAGE = YES_ERROR;
				CLANG_WARN_DOCUMENTATION_COMMENTS = YES;
				CLANG_WARN_EMPTY_BODY = YES;
				CLANG_WARN_ENUM_CONVERSION = YES;
				CLANG_WARN_INFINITE_RECURSION = YES;
				CLANG_WARN_INT_CONVERSION = YES;
				CLANG_WARN_NON_LITERAL_NULL_CONVERSION = YES;
				CLANG_WARN_OBJC_IMPLICIT_RETAIN_SELF = YES;
				CLANG_WARN_OBJC_LITERAL_CONVERSION = YES;
				CLANG_WARN_OBJC_ROOT_CLASS = YES_ERROR;
				CLANG_WARN_RANGE_LOOP_ANALYSIS = YES;
				CLANG_WARN_STRICT_PROTOTYPES = YES;
				CLANG_WARN_SUSPICIOUS_MOVE = YES;
				CLANG_WARN_UNGUARDED_AVAILABILITY = YES_AGGRESSIVE;
				CLANG_WARN_UNREACHABLE_CODE = YES;
				CLANG_WARN__DUPLICATE_METHOD_MATCH = YES;
				CODE_SIGN_IDENTITY = "iPhone Developer";
				COPY_PHASE_STRIP = NO;
				DEBUG_INFORMATION_FORMAT = dwarf;
				ENABLE_STRICT_OBJC_MSGSEND = YES;
				ENABLE_TESTABILITY = YES;
				GCC_C_LANGUAGE_STANDARD = gnu11;
				GCC_DYNAMIC_NO_PIC = NO;
				GCC_NO_COMMON_BLOCKS = YES;
				GCC_OPTIMIZATION_LEVEL = 0;
				GCC_PREPROCESSOR_DEFINITIONS = (
					"DEBUG=1",
					"$(inherited)",
				);
				GCC_WARN_64_TO_32_BIT_CONVERSION = YES;
				GCC_WARN_ABOUT_RETURN_TYPE = YES_ERROR;
				GCC_WARN_UNDECLARED_SELECTOR = YES;
				GCC_WARN_UNINITIALIZED_AUTOS = YES_AGGRESSIVE;
				GCC_WARN_UNUSED_FUNCTION = YES;
				GCC_WARN_UNUSED_VARIABLE = YES;
				IPHONEOS_DEPLOYMENT_TARGET = 12.2;
				MTL_ENABLE_DEBUG_INFO = INCLUDE_SOURCE;
				MTL_FAST_MATH = YES;
				ONLY_ACTIVE_ARCH = YES;
				SDKROOT = iphoneos;
				SWIFT_ACTIVE_COMPILATION_CONDITIONS = DEBUG;
				SWIFT_OPTIMIZATION_LEVEL = "-Onone";
			};
			name = Debug;
		};
		C1B0390722A828C50048D04D /* Release */ = {
			isa = XCBuildConfiguration;
			buildSettings = {
				ALWAYS_SEARCH_USER_PATHS = NO;
				CLANG_ANALYZER_NONNULL = YES;
				CLANG_ANALYZER_NUMBER_OBJECT_CONVERSION = YES_AGGRESSIVE;
				CLANG_CXX_LANGUAGE_STANDARD = "gnu++14";
				CLANG_CXX_LIBRARY = "libc++";
				CLANG_ENABLE_MODULES = YES;
				CLANG_ENABLE_OBJC_ARC = YES;
				CLANG_ENABLE_OBJC_WEAK = YES;
				CLANG_WARN_BLOCK_CAPTURE_AUTORELEASING = YES;
				CLANG_WARN_BOOL_CONVERSION = YES;
				CLANG_WARN_COMMA = YES;
				CLANG_WARN_CONSTANT_CONVERSION = YES;
				CLANG_WARN_DEPRECATED_OBJC_IMPLEMENTATIONS = YES;
				CLANG_WARN_DIRECT_OBJC_ISA_USAGE = YES_ERROR;
				CLANG_WARN_DOCUMENTATION_COMMENTS = YES;
				CLANG_WARN_EMPTY_BODY = YES;
				CLANG_WARN_ENUM_CONVERSION = YES;
				CLANG_WARN_INFINITE_RECURSION = YES;
				CLANG_WARN_INT_CONVERSION = YES;
				CLANG_WARN_NON_LITERAL_NULL_CONVERSION = YES;
				CLANG_WARN_OBJC_IMPLICIT_RETAIN_SELF = YES;
				CLANG_WARN_OBJC_LITERAL_CONVERSION = YES;
				CLANG_WARN_OBJC_ROOT_CLASS = YES_ERROR;
				CLANG_WARN_RANGE_LOOP_ANALYSIS = YES;
				CLANG_WARN_STRICT_PROTOTYPES = YES;
				CLANG_WARN_SUSPICIOUS_MOVE = YES;
				CLANG_WARN_UNGUARDED_AVAILABILITY = YES_AGGRESSIVE;
				CLANG_WARN_UNREACHABLE_CODE = YES;
				CLANG_WARN__DUPLICATE_METHOD_MATCH = YES;
				CODE_SIGN_IDENTITY = "iPhone Developer";
				COPY_PHASE_STRIP = NO;
				DEBUG_INFORMATION_FORMAT = "dwarf-with-dsym";
				ENABLE_NS_ASSERTIONS = NO;
				ENABLE_STRICT_OBJC_MSGSEND = YES;
				GCC_C_LANGUAGE_STANDARD = gnu11;
				GCC_NO_COMMON_BLOCKS = YES;
				GCC_WARN_64_TO_32_BIT_CONVERSION = YES;
				GCC_WARN_ABOUT_RETURN_TYPE = YES_ERROR;
				GCC_WARN_UNDECLARED_SELECTOR = YES;
				GCC_WARN_UNINITIALIZED_AUTOS = YES_AGGRESSIVE;
				GCC_WARN_UNUSED_FUNCTION = YES;
				GCC_WARN_UNUSED_VARIABLE = YES;
				IPHONEOS_DEPLOYMENT_TARGET = 12.2;
				MTL_ENABLE_DEBUG_INFO = NO;
				MTL_FAST_MATH = YES;
				SDKROOT = iphoneos;
				SWIFT_COMPILATION_MODE = wholemodule;
				SWIFT_OPTIMIZATION_LEVEL = "-O";
				VALIDATE_PRODUCT = YES;
			};
			name = Release;
		};
		C1B0390922A828C50048D04D /* Debug */ = {
			isa = XCBuildConfiguration;
			buildSettings = {
				ASSETCATALOG_COMPILER_APPICON_NAME = AppIcon;
				CODE_SIGN_STYLE = Automatic;
				DEVELOPMENT_TEAM = KLAQKC8KC4;
				INFOPLIST_FILE = 16CapitalCities/Info.plist;
				LD_RUNPATH_SEARCH_PATHS = (
					"$(inherited)",
					"@executable_path/Frameworks",
				);
				PRODUCT_BUNDLE_IDENTIFIER = "com.saroj.-6CapitalCities";
				PRODUCT_NAME = "$(TARGET_NAME)";
				SWIFT_VERSION = 5.0;
				TARGETED_DEVICE_FAMILY = "1,2";
			};
			name = Debug;
		};
		C1B0390A22A828C50048D04D /* Release */ = {
			isa = XCBuildConfiguration;
			buildSettings = {
				ASSETCATALOG_COMPILER_APPICON_NAME = AppIcon;
				CODE_SIGN_STYLE = Automatic;
				DEVELOPMENT_TEAM = KLAQKC8KC4;
				INFOPLIST_FILE = 16CapitalCities/Info.plist;
				LD_RUNPATH_SEARCH_PATHS = (
					"$(inherited)",
					"@executable_path/Frameworks",
				);
				PRODUCT_BUNDLE_IDENTIFIER = "com.saroj.-6CapitalCities";
				PRODUCT_NAME = "$(TARGET_NAME)";
				SWIFT_VERSION = 5.0;
				TARGETED_DEVICE_FAMILY = "1,2";
			};
			name = Release;
		};
/* End XCBuildConfiguration section */

/* Begin XCConfigurationList section */
		C1B038F122A828C40048D04D /* Build configuration list for PBXProject "16CapitalCities" */ = {
			isa = XCConfigurationList;
			buildConfigurations = (
				C1B0390622A828C50048D04D /* Debug */,
				C1B0390722A828C50048D04D /* Release */,
			);
			defaultConfigurationIsVisible = 0;
			defaultConfigurationName = Release;
		};
		C1B0390822A828C50048D04D /* Build configuration list for PBXNativeTarget "16CapitalCities" */ = {
			isa = XCConfigurationList;
			buildConfigurations = (
				C1B0390922A828C50048D04D /* Debug */,
				C1B0390A22A828C50048D04D /* Release */,
			);
			defaultConfigurationIsVisible = 0;
			defaultConfigurationName = Release;
		};
/* End XCConfigurationList section */
	};
	rootObject = C1B038EE22A828C40048D04D /* Project object */;
}
